
Microsoft Visual Studio Solution File, Format Version 12.00
# Visual Studio 14
VisualStudioVersion = 14.0.23107.0
MinimumVisualStudioVersion = 10.0.40219.1
Project("{FAE04EC0-301F-11D3-BF4B-00C04F79EFBC}") = "ReleaseNotesBuilder", "ReleaseNotesBuilder.csproj", "{F71DC9B7-74DA-44DB-AE3D-32F143EBC67C}"
EndProject
Project("{FAE04EC0-301F-11D3-BF4B-00C04F79EFBC}") = "ReleaseNotesBuilder.Tests", "..\ReleaseNotesBuilder.Tests\ReleaseNotesBuilder.Tests.csproj", "{352F2C06-3E41-465E-A731-65F7DBC48EA3}"
EndProject
Global
	GlobalSection(SolutionConfigurationPlatforms) = preSolution
		Debug|Any CPU = Debug|Any CPU
		Release|Any CPU = Release|Any CPU
	EndGlobalSection
	GlobalSection(ProjectConfigurationPlatforms) = postSolution
		{F71DC9B7-74DA-44DB-AE3D-32F143EBC67C}.Debug|Any CPU.ActiveCfg = Debug|Any CPU
		{F71DC9B7-74DA-44DB-AE3D-32F143EBC67C}.Debug|Any CPU.Build.0 = Debug|Any CPU
		{F71DC9B7-74DA-44DB-AE3D-32F143EBC67C}.Release|Any CPU.ActiveCfg = Release|Any CPU
		{F71DC9B7-74DA-44DB-AE3D-32F143EBC67C}.Release|Any CPU.Build.0 = Release|Any CPU
		{352F2C06-3E41-465E-A731-65F7DBC48EA3}.Debug|Any CPU.ActiveCfg = Debug|Any CPU
		{352F2C06-3E41-465E-A731-65F7DBC48EA3}.Debug|Any CPU.Build.0 = Debug|Any CPU
		{352F2C06-3E41-465E-A731-65F7DBC48EA3}.Release|Any CPU.ActiveCfg = Release|Any CPU
		{352F2C06-3E41-465E-A731-65F7DBC48EA3}.Release|Any CPU.Build.0 = Release|Any CPU
	EndGlobalSection
	GlobalSection(SolutionProperties) = preSolution
		HideSolutionNode = FALSE
	EndGlobalSection
EndGlobal
